<?xml version="1.0" encoding="utf-8"?>
<Project ToolsVersion="4.0" xmlns="http://schemas.microsoft.com/developer/msbuild/2003">
  <ItemGroup>
    <ClCompile Include="fase1.cpp" />
    <ClCompile Include="main.cpp" />
    <ClCompile Include="BasicLCD.cpp" />
  </ItemGroup>
  <ItemGroup>
    <ClInclude Include="BasicLCD.h" />
    <ClInclude Include="fase1.h" />
    <ClInclude Include="ftd2xx.h" />
  </ItemGroup>
</Project>